
Microsoft Visual Studio Solution File, Format Version 12.00
# Visual Studio 15
VisualStudioVersion = 15.0.28010.2050
MinimumVisualStudioVersion = 10.0.40219.1
Project("{FAE04EC0-301F-11D3-BF4B-00C04F79EFBC}") = "WindowsFormsClient1", "WindowsFormsClient1\WindowsFormsClient1.csproj", "{7017E4E0-5860-4322-934D-E0877F5E5D68}"
EndProject
Project("{FAE04EC0-301F-11D3-BF4B-00C04F79EFBC}") = "WindowsFormsClient2", "WindowsFormsClient2\WindowsFormsClient2.csproj", "{C00124F8-A548-484F-92BD-D51CEC4850C4}"
EndProject
Project("{FAE04EC0-301F-11D3-BF4B-00C04F79EFBC}") = "WindowsFormsClient3", "WindowsFormsClient3\WindowsFormsClient3.csproj", "{FD037B38-7CB4-43D2-B3D3-F0B1FB286A55}"
EndProject
Global
	GlobalSection(SolutionConfigurationPlatforms) = preSolution
		Debug|Any CPU = Debug|Any CPU
		Release|Any CPU = Release|Any CPU
	EndGlobalSection
	GlobalSection(ProjectConfigurationPlatforms) = postSolution
		{7017E4E0-5860-4322-934D-E0877F5E5D68}.Debug|Any CPU.ActiveCfg = Debug|Any CPU
		{7017E4E0-5860-4322-934D-E0877F5E5D68}.Debug|Any CPU.Build.0 = Debug|Any CPU
		{7017E4E0-5860-4322-934D-E0877F5E5D68}.Release|Any CPU.ActiveCfg = Release|Any CPU
		{7017E4E0-5860-4322-934D-E0877F5E5D68}.Release|Any CPU.Build.0 = Release|Any CPU
		{C00124F8-A548-484F-92BD-D51CEC4850C4}.Debug|Any CPU.ActiveCfg = Debug|Any CPU
		{C00124F8-A548-484F-92BD-D51CEC4850C4}.Debug|Any CPU.Build.0 = Debug|Any CPU
		{C00124F8-A548-484F-92BD-D51CEC4850C4}.Release|Any CPU.ActiveCfg = Release|Any CPU
		{C00124F8-A548-484F-92BD-D51CEC4850C4}.Release|Any CPU.Build.0 = Release|Any CPU
		{FD037B38-7CB4-43D2-B3D3-F0B1FB286A55}.Debug|Any CPU.ActiveCfg = Debug|Any CPU
		{FD037B38-7CB4-43D2-B3D3-F0B1FB286A55}.Debug|Any CPU.Build.0 = Debug|Any CPU
		{FD037B38-7CB4-43D2-B3D3-F0B1FB286A55}.Release|Any CPU.ActiveCfg = Release|Any CPU
		{FD037B38-7CB4-43D2-B3D3-F0B1FB286A55}.Release|Any CPU.Build.0 = Release|Any CPU
	EndGlobalSection
	GlobalSection(SolutionProperties) = preSolution
		HideSolutionNode = FALSE
	EndGlobalSection
	GlobalSection(ExtensibilityGlobals) = postSolution
		SolutionGuid = {AE937CCF-90B9-41B1-B225-A33F3DD2F9BE}
	EndGlobalSection
EndGlobal
